
Microsoft Visual Studio Solution File, Format Version 12.00
# Visual Studio Version 17
VisualStudioVersion = 17.2.32616.157
MinimumVisualStudioVersion = 10.0.40219.1
Project("{9A19103F-16F7-4668-BE54-9A1E7A4F7556}") = "Pokedex.Api", "src\Pokedex.Api\Pokedex.Api.csproj", "{50E8132F-9DBD-4EC9-B64C-A352EA31DF64}"
EndProject
Project("{9A19103F-16F7-4668-BE54-9A1E7A4F7556}") = "Pokedex.Test", "src\Pokedex.Test\Pokedex.Test.csproj", "{EBC4BE76-0CA4-46C2-8C47-AD34D026DFCE}"
EndProject
Project("{9A19103F-16F7-4668-BE54-9A1E7A4F7556}") = "Pokedex.Domain", "src\Pokedex.Application\Pokedex.Domain.csproj", "{EC52FF47-D243-4FE7-8BCA-B4D6A0D7F58C}"
EndProject
Global
	GlobalSection(SolutionConfigurationPlatforms) = preSolution
		Debug|Any CPU = Debug|Any CPU
		Release|Any CPU = Release|Any CPU
	EndGlobalSection
	GlobalSection(ProjectConfigurationPlatforms) = postSolution
		{50E8132F-9DBD-4EC9-B64C-A352EA31DF64}.Debug|Any CPU.ActiveCfg = Debug|Any CPU
		{50E8132F-9DBD-4EC9-B64C-A352EA31DF64}.Debug|Any CPU.Build.0 = Debug|Any CPU
		{50E8132F-9DBD-4EC9-B64C-A352EA31DF64}.Release|Any CPU.ActiveCfg = Release|Any CPU
		{50E8132F-9DBD-4EC9-B64C-A352EA31DF64}.Release|Any CPU.Build.0 = Release|Any CPU
		{EBC4BE76-0CA4-46C2-8C47-AD34D026DFCE}.Debug|Any CPU.ActiveCfg = Debug|Any CPU
		{EBC4BE76-0CA4-46C2-8C47-AD34D026DFCE}.Debug|Any CPU.Build.0 = Debug|Any CPU
		{EBC4BE76-0CA4-46C2-8C47-AD34D026DFCE}.Release|Any CPU.ActiveCfg = Release|Any CPU
		{EBC4BE76-0CA4-46C2-8C47-AD34D026DFCE}.Release|Any CPU.Build.0 = Release|Any CPU
		{EC52FF47-D243-4FE7-8BCA-B4D6A0D7F58C}.Debug|Any CPU.ActiveCfg = Debug|Any CPU
		{EC52FF47-D243-4FE7-8BCA-B4D6A0D7F58C}.Debug|Any CPU.Build.0 = Debug|Any CPU
		{EC52FF47-D243-4FE7-8BCA-B4D6A0D7F58C}.Release|Any CPU.ActiveCfg = Release|Any CPU
		{EC52FF47-D243-4FE7-8BCA-B4D6A0D7F58C}.Release|Any CPU.Build.0 = Release|Any CPU
	EndGlobalSection
	GlobalSection(SolutionProperties) = preSolution
		HideSolutionNode = FALSE
	EndGlobalSection
	GlobalSection(ExtensibilityGlobals) = postSolution
		SolutionGuid = {C4B8BAAD-CA29-4F50-B124-FB87C1EA5377}
	EndGlobalSection
EndGlobal
